
Microsoft Visual Studio Solution File, Format Version 12.00
# Visual Studio Version 16
VisualStudioVersion = 16.0.31605.320
MinimumVisualStudioVersion = 10.0.40219.1
Project("{FAE04EC0-301F-11D3-BF4B-00C04F79EFBC}") = "BibliotecaComAutenticacao", "BibliotecaComAutenticacao\BibliotecaComAutenticacao.csproj", "{609CA226-AF0B-4C27-9DE8-0B7118F446F6}"
EndProject
Global
	GlobalSection(SolutionConfigurationPlatforms) = preSolution
		Debug|Any CPU = Debug|Any CPU
		Release|Any CPU = Release|Any CPU
	EndGlobalSection
	GlobalSection(ProjectConfigurationPlatforms) = postSolution
		{609CA226-AF0B-4C27-9DE8-0B7118F446F6}.Debug|Any CPU.ActiveCfg = Debug|Any CPU
		{609CA226-AF0B-4C27-9DE8-0B7118F446F6}.Debug|Any CPU.Build.0 = Debug|Any CPU
		{609CA226-AF0B-4C27-9DE8-0B7118F446F6}.Release|Any CPU.ActiveCfg = Release|Any CPU
		{609CA226-AF0B-4C27-9DE8-0B7118F446F6}.Release|Any CPU.Build.0 = Release|Any CPU
	EndGlobalSection
	GlobalSection(SolutionProperties) = preSolution
		HideSolutionNode = FALSE
	EndGlobalSection
	GlobalSection(ExtensibilityGlobals) = postSolution
		SolutionGuid = {DC12BD71-287D-470E-95B1-C88992EED8C2}
	EndGlobalSection
EndGlobal
