
Microsoft Visual Studio Solution File, Format Version 12.00
# Visual Studio Version 16
VisualStudioVersion = 16.0.31605.320
MinimumVisualStudioVersion = 10.0.40219.1
Project("{FAE04EC0-301F-11D3-BF4B-00C04F79EFBC}") = "ProjBiblioteca", "ProjBiblioteca\ProjBiblioteca.csproj", "{38F9583F-96AA-4C34-96C0-6D027621ECD5}"
EndProject
Global
	GlobalSection(SolutionConfigurationPlatforms) = preSolution
		Debug|Any CPU = Debug|Any CPU
		Release|Any CPU = Release|Any CPU
	EndGlobalSection
	GlobalSection(ProjectConfigurationPlatforms) = postSolution
		{38F9583F-96AA-4C34-96C0-6D027621ECD5}.Debug|Any CPU.ActiveCfg = Debug|Any CPU
		{38F9583F-96AA-4C34-96C0-6D027621ECD5}.Debug|Any CPU.Build.0 = Debug|Any CPU
		{38F9583F-96AA-4C34-96C0-6D027621ECD5}.Release|Any CPU.ActiveCfg = Release|Any CPU
		{38F9583F-96AA-4C34-96C0-6D027621ECD5}.Release|Any CPU.Build.0 = Release|Any CPU
	EndGlobalSection
	GlobalSection(SolutionProperties) = preSolution
		HideSolutionNode = FALSE
	EndGlobalSection
	GlobalSection(ExtensibilityGlobals) = postSolution
		SolutionGuid = {0A4E3716-0235-41CB-BD46-C45297B19230}
	EndGlobalSection
EndGlobal
